<?xml version="1.0" encoding="utf-8"?>
<Project ToolsVersion="4.0" xmlns="http://schemas.microsoft.com/developer/msbuild/2003">
  <ItemGroup>
    <Filter Include="Resource Files">
      <UniqueIdentifier>{67DA6AB6-F800-4c08-8B7A-83BB121AAD01}</UniqueIdentifier>
      <Extensions>rc;ico;cur;bmp;dlg;rc2;rct;bin;rgs;gif;jpg;jpeg;jpe;resx;tiff;tif;png;wav;mfcribbon-ms</Extensions>
    </Filter>
    <Filter Include="Components">
      <UniqueIdentifier>{9adb0c2c-d953-4e55-b702-cde02c7b0330}</UniqueIdentifier>
    </Filter>
    <Filter Include="Components\GameplayComponents">
      <UniqueIdentifier>{d5419c6b-d082-4a6c-b908-fffdf002d037}</UniqueIdentifier>
    </Filter>
    <Filter Include="Components\InterfaceComponents">
      <UniqueIdentifier>{44f8fa50-e610-467d-afb6-355ebc78b3a6}</UniqueIdentifier>
    </Filter>
    <Filter Include="Components\MechanicsComponents">
      <UniqueIdentifier>{b741ba8c-a1f4-40c2-8883-fbcf069249e5}</UniqueIdentifier>
    </Filter>
    <Filter Include="Components\InterfaceComponents\HUD">
      <UniqueIdentifier>{d3660f23-eec4-40dc-b098-a3a2869eca3b}</UniqueIdentifier>
    </Filter>
    <Filter Include="Scene">
      <UniqueIdentifier>{828e5a32-762f-451d-a98b-f0a4b772dd04}</UniqueIdentifier>
    </Filter>
    <Filter Include="Components\GameplayComponents\Player">
      <UniqueIdentifier>{b985f3b5-f120-4d24-ba6a-ab3123ca1739}</UniqueIdentifier>
    </Filter>
    <Filter Include="Components\GameplayComponents\Grid">
      <UniqueIdentifier>{dde33b20-bbc5-4b10-84c5-c75a42a2657c}</UniqueIdentifier>
    </Filter>
    <Filter Include="Commands">
      <UniqueIdentifier>{ce4af6da-3404-49fd-a4c9-83dd682d7f49}</UniqueIdentifier>
    </Filter>
  </ItemGroup>
  <ItemGroup>
    <ClCompile Include="Components\GameplayComponents\SpriteAnimation.cpp">
      <Filter>Components\GameplayComponents</Filter>
    </ClCompile>
    <ClCompile Include="Components\GameplayComponents\Health.cpp">
      <Filter>Components\GameplayComponents</Filter>
    </ClCompile>
    <ClCompile Include="Components\GameplayComponents\InstructionsComponent.cpp">
      <Filter>Components\GameplayComponents</Filter>
    </ClCompile>
    <ClCompile Include="Components\GameplayComponents\Score.cpp">
      <Filter>Components\GameplayComponents</Filter>
    </ClCompile>
    <ClCompile Include="Components\InterfaceComponents\HUD\LivesDisplayComponent.cpp">
      <Filter>Components\InterfaceComponents\HUD</Filter>
    </ClCompile>
    <ClCompile Include="Components\InterfaceComponents\HUD\ScoreDisplayComponent.cpp">
      <Filter>Components\InterfaceComponents\HUD</Filter>
    </ClCompile>
    <ClCompile Include="Main.cpp" />
    <ClCompile Include="Scene\GameScene.cpp">
      <Filter>Scene</Filter>
    </ClCompile>
    <ClCompile Include="Components\GameplayComponents\Player\Player.cpp">
      <Filter>Components\GameplayComponents\Player</Filter>
    </ClCompile>
    <ClCompile Include="Components\GameplayComponents\Grid\Grid.cpp">
      <Filter>Components\GameplayComponents\Grid</Filter>
    </ClCompile>
    <ClCompile Include="Components\GameplayComponents\Grid\GridMovementComponent.cpp">
      <Filter>Components\GameplayComponents\Grid</Filter>
    </ClCompile>
    <ClCompile Include="Commands\GridMoveCommand.cpp">
      <Filter>Commands</Filter>
    </ClCompile>
    <ClCompile Include="Commands\MoveStickCommand.cpp">
      <Filter>Commands</Filter>
    </ClCompile>
    <ClCompile Include="Commands\MoveCommand.cpp">
      <Filter>Commands</Filter>
    </ClCompile>
    <ClCompile Include="Components\GameplayComponents\Grid\CollisionComponent.cpp">
      <Filter>Components\GameplayComponents\Grid</Filter>
    </ClCompile>
    <ClCompile Include="Components\GameplayComponents\Grid\Tile.cpp">
      <Filter>Components\GameplayComponents\Grid</Filter>
    </ClCompile>
  </ItemGroup>
  <ItemGroup>
    <ClInclude Include="Components\GameplayComponents\SpriteAnimation.h">
      <Filter>Components\GameplayComponents</Filter>
    </ClInclude>
    <ClInclude Include="Components\GameplayComponents\Health.h">
      <Filter>Components\GameplayComponents</Filter>
    </ClInclude>
    <ClInclude Include="Components\GameplayComponents\InstructionsComponent.h">
      <Filter>Components\GameplayComponents</Filter>
    </ClInclude>
    <ClInclude Include="Components\GameplayComponents\Score.h">
      <Filter>Components\GameplayComponents</Filter>
    </ClInclude>
    <ClInclude Include="Components\InterfaceComponents\HUD\ScoreDisplayComponent.h">
      <Filter>Components\InterfaceComponents\HUD</Filter>
    </ClInclude>
    <ClInclude Include="Components\InterfaceComponents\HUD\LivesDisplayComponent.h">
      <Filter>Components\InterfaceComponents\HUD</Filter>
    </ClInclude>
    <ClInclude Include="resource.h">
      <Filter>Resource Files</Filter>
    </ClInclude>
    <ClInclude Include="Scene\GameScene.h">
      <Filter>Scene</Filter>
    </ClInclude>
    <ClInclude Include="Components\GameplayComponents\Player\Player.h">
      <Filter>Components\GameplayComponents\Player</Filter>
    </ClInclude>
    <ClInclude Include="Components\GameplayComponents\Grid\Grid.h">
      <Filter>Components\GameplayComponents\Grid</Filter>
    </ClInclude>
    <ClInclude Include="Components\GameplayComponents\Grid\GridMovementComponent.h">
      <Filter>Components\GameplayComponents\Grid</Filter>
    </ClInclude>
    <ClInclude Include="Commands\GridMoveCommand.h">
      <Filter>Commands</Filter>
    </ClInclude>
    <ClInclude Include="Commands\MoveStickCommand.h">
      <Filter>Commands</Filter>
    </ClInclude>
    <ClInclude Include="Commands\MoveCommand.h">
      <Filter>Commands</Filter>
    </ClInclude>
    <ClInclude Include="Components\GameplayComponents\Grid\CollisionComponent.h">
      <Filter>Components\GameplayComponents\Grid</Filter>
    </ClInclude>
    <ClInclude Include="Components\GameplayComponents\Grid\Tile.h">
      <Filter>Components\GameplayComponents\Grid</Filter>
    </ClInclude>
  </ItemGroup>
  <ItemGroup>
    <ResourceCompile Include="DigDug.rc">
      <Filter>Resource Files</Filter>
    </ResourceCompile>
  </ItemGroup>
</Project>