<?xml version="1.0" encoding="utf-8"?>
<Project ToolsVersion="4.0" xmlns="http://schemas.microsoft.com/developer/msbuild/2003">
  <ItemGroup>
    <Filter Include="Resource Files">
      <UniqueIdentifier>{67DA6AB6-F800-4c08-8B7A-83BB121AAD01}</UniqueIdentifier>
      <Extensions>rc;ico;cur;bmp;dlg;rc2;rct;bin;rgs;gif;jpg;jpeg;jpe;resx;tiff;tif;png;wav;mfcribbon-ms</Extensions>
    </Filter>
    <Filter Include="Components">
      <UniqueIdentifier>{9adb0c2c-d953-4e55-b702-cde02c7b0330}</UniqueIdentifier>
    </Filter>
    <Filter Include="Components\GameplayComponents">
      <UniqueIdentifier>{d5419c6b-d082-4a6c-b908-fffdf002d037}</UniqueIdentifier>
    </Filter>
    <Filter Include="Components\InterfaceComponents">
      <UniqueIdentifier>{44f8fa50-e610-467d-afb6-355ebc78b3a6}</UniqueIdentifier>
    </Filter>
    <Filter Include="Components\MechanicsComponents">
      <UniqueIdentifier>{b741ba8c-a1f4-40c2-8883-fbcf069249e5}</UniqueIdentifier>
    </Filter>
    <Filter Include="Components\InterfaceComponents\HUD">
      <UniqueIdentifier>{d3660f23-eec4-40dc-b098-a3a2869eca3b}</UniqueIdentifier>
    </Filter>
  </ItemGroup>
  <ItemGroup>
    <ClCompile Include="Components\GameplayComponents\Animation.cpp">
      <Filter>Components\GameplayComponents</Filter>
    </ClCompile>
    <ClCompile Include="Components\GameplayComponents\Health.cpp">
      <Filter>Components\GameplayComponents</Filter>
    </ClCompile>
    <ClCompile Include="Components\GameplayComponents\InstructionsComponent.cpp">
      <Filter>Components\GameplayComponents</Filter>
    </ClCompile>
    <ClCompile Include="Components\GameplayComponents\Score.cpp">
      <Filter>Components\GameplayComponents</Filter>
    </ClCompile>
    <ClCompile Include="Components\InterfaceComponents\HUD\LivesDisplayComponent.cpp">
      <Filter>Components\InterfaceComponents\HUD</Filter>
    </ClCompile>
    <ClCompile Include="Components\InterfaceComponents\HUD\ScoreDisplayComponent.cpp">
      <Filter>Components\InterfaceComponents\HUD</Filter>
    </ClCompile>
    <ClCompile Include="Main.cpp" />
  </ItemGroup>
  <ItemGroup>
    <ClInclude Include="Components\GameplayComponents\Animation.h">
      <Filter>Components\GameplayComponents</Filter>
    </ClInclude>
    <ClInclude Include="Components\GameplayComponents\Health.h">
      <Filter>Components\GameplayComponents</Filter>
    </ClInclude>
    <ClInclude Include="Components\GameplayComponents\InstructionsComponent.h">
      <Filter>Components\GameplayComponents</Filter>
    </ClInclude>
    <ClInclude Include="Components\GameplayComponents\Score.h">
      <Filter>Components\GameplayComponents</Filter>
    </ClInclude>
    <ClInclude Include="Components\InterfaceComponents\HUD\ScoreDisplayComponent.h">
      <Filter>Components\InterfaceComponents\HUD</Filter>
    </ClInclude>
    <ClInclude Include="Components\InterfaceComponents\HUD\LivesDisplayComponent.h">
      <Filter>Components\InterfaceComponents\HUD</Filter>
    </ClInclude>
    <ClInclude Include="resource.h">
      <Filter>Resource Files</Filter>
    </ClInclude>
  </ItemGroup>
  <ItemGroup>
    <ResourceCompile Include="DigDug.rc">
      <Filter>Resource Files</Filter>
    </ResourceCompile>
  </ItemGroup>
</Project>