<?xml version="1.0" encoding="utf-8"?>
<Project ToolsVersion="4.0" xmlns="http://schemas.microsoft.com/developer/msbuild/2003">
  <ItemGroup>
    <Filter Include="Resource Files">
      <UniqueIdentifier>{67DA6AB6-F800-4c08-8B7A-83BB121AAD01}</UniqueIdentifier>
      <Extensions>rc;ico;cur;bmp;dlg;rc2;rct;bin;rgs;gif;jpg;jpeg;jpe;resx;tiff;tif;png;wav;mfcribbon-ms</Extensions>
    </Filter>
    <Filter Include="Engin files">
      <UniqueIdentifier>{93995380-89BD-4b04-88EB-625FBE52EBFB}</UniqueIdentifier>
      <Extensions>h;hh;hpp;hxx;hm;inl;inc;xsd</Extensions>
    </Filter>
    <Filter Include="Game Files">
      <UniqueIdentifier>{4FC737F1-C7A5-4376-A066-2A32D752A2FF}</UniqueIdentifier>
      <Extensions>cpp;c;cc;cxx;def;odl;idl;hpj;bat;asm;asmx</Extensions>
    </Filter>
    <Filter Include="Engin files\Components">
      <UniqueIdentifier>{4c0b0457-3a9e-4e1d-92ce-1a4d18806c8e}</UniqueIdentifier>
    </Filter>
    <Filter Include="Engin files\Imgui">
      <UniqueIdentifier>{1e5439bd-99ff-4fcb-85d4-2fce1843b099}</UniqueIdentifier>
    </Filter>
    <Filter Include="Exercices">
      <UniqueIdentifier>{5b5d1368-2246-4045-8389-30d6ee677ef0}</UniqueIdentifier>
    </Filter>
    <Filter Include="Exercices\TrashingTheCache">
      <UniqueIdentifier>{aca36e15-5a6f-44e2-af58-be216e9eb93f}</UniqueIdentifier>
    </Filter>
  </ItemGroup>
  <ItemGroup>
    <ClInclude Include="Singleton.h">
      <Filter>Engin files</Filter>
    </ClInclude>
    <ClInclude Include="ResourceManager.h">
      <Filter>Engin files</Filter>
    </ClInclude>
    <ClInclude Include="Renderer.h">
      <Filter>Engin files</Filter>
    </ClInclude>
    <ClInclude Include="Texture2D.h">
      <Filter>Engin files</Filter>
    </ClInclude>
    <ClInclude Include="InputManager.h">
      <Filter>Engin files</Filter>
    </ClInclude>
    <ClInclude Include="GameObject.h">
      <Filter>Engin files</Filter>
    </ClInclude>
    <ClInclude Include="Scene.h">
      <Filter>Engin files</Filter>
    </ClInclude>
    <ClInclude Include="SceneManager.h">
      <Filter>Engin files</Filter>
    </ClInclude>
    <ClInclude Include="Font.h">
      <Filter>Engin files</Filter>
    </ClInclude>
    <ClInclude Include="Minigin.h">
      <Filter>Engin files</Filter>
    </ClInclude>
    <ClInclude Include="BaseComponent.h">
      <Filter>Engin files\Components</Filter>
    </ClInclude>
    <ClInclude Include="InputComponent.h">
      <Filter>Engin files\Components</Filter>
    </ClInclude>
    <ClInclude Include="GraphicsComponent.h">
      <Filter>Engin files\Components</Filter>
    </ClInclude>
    <ClInclude Include="TransformComponent.h">
      <Filter>Engin files\Components</Filter>
    </ClInclude>
    <ClInclude Include="TextComponent.h">
      <Filter>Engin files\Components</Filter>
    </ClInclude>
    <ClInclude Include="PhysicsComponent.h">
      <Filter>Engin files\Components</Filter>
    </ClInclude>
    <ClInclude Include="TextureComponent.h">
      <Filter>Engin files\Components</Filter>
    </ClInclude>
    <ClInclude Include="RenderComponent.h">
      <Filter>Engin files\Components</Filter>
    </ClInclude>
    <ClInclude Include="Timer.h">
      <Filter>Engin files</Filter>
    </ClInclude>
    <ClInclude Include="FPSComponent.h">
      <Filter>Engin files\Components</Filter>
    </ClInclude>
    <ClInclude Include="RotatorComponent.h">
      <Filter>Engin files\Components</Filter>
    </ClInclude>
    <ClInclude Include="..\3rdParty\imgui-1.89.4\imconfig.h">
      <Filter>Engin files\Imgui</Filter>
    </ClInclude>
    <ClInclude Include="..\3rdParty\imgui-1.89.4\imgui.h">
      <Filter>Engin files\Imgui</Filter>
    </ClInclude>
    <ClInclude Include="..\3rdParty\imgui-1.89.4\imgui_internal.h">
      <Filter>Engin files\Imgui</Filter>
    </ClInclude>
    <ClInclude Include="..\3rdParty\imgui-1.89.4\imstb_rectpack.h">
      <Filter>Engin files\Imgui</Filter>
    </ClInclude>
    <ClInclude Include="..\3rdParty\imgui-1.89.4\imstb_textedit.h">
      <Filter>Engin files\Imgui</Filter>
    </ClInclude>
    <ClInclude Include="..\3rdParty\imgui-1.89.4\imstb_truetype.h">
      <Filter>Engin files\Imgui</Filter>
    </ClInclude>
    <ClInclude Include="..\3rdParty\imgui-1.89.4\backends\imgui_impl_opengl2.h">
      <Filter>Engin files\Imgui</Filter>
    </ClInclude>
    <ClInclude Include="..\3rdParty\imgui-1.89.4\backends\imgui_impl_sdl2.h">
      <Filter>Engin files\Imgui</Filter>
    </ClInclude>
    <ClInclude Include="..\3rdParty\imgui-1.89.4\imgui_plot.h">
      <Filter>Engin files\Imgui</Filter>
    </ClInclude>
    <ClInclude Include="TrashTheCache.h">
      <Filter>Exercices\TrashingTheCache</Filter>
    </ClInclude>
    <ClInclude Include="TrashCacheComponent.h">
      <Filter>Engin files\Components</Filter>
    </ClInclude>
  </ItemGroup>
  <ItemGroup>
    <ClCompile Include="Font.cpp">
      <Filter>Engin files</Filter>
    </ClCompile>
    <ClCompile Include="GameObject.cpp">
      <Filter>Engin files</Filter>
    </ClCompile>
    <ClCompile Include="InputManager.cpp">
      <Filter>Engin files</Filter>
    </ClCompile>
    <ClCompile Include="Main.cpp">
      <Filter>Engin files</Filter>
    </ClCompile>
    <ClCompile Include="Minigin.cpp">
      <Filter>Engin files</Filter>
    </ClCompile>
    <ClCompile Include="Renderer.cpp">
      <Filter>Engin files</Filter>
    </ClCompile>
    <ClCompile Include="ResourceManager.cpp">
      <Filter>Engin files</Filter>
    </ClCompile>
    <ClCompile Include="Scene.cpp">
      <Filter>Engin files</Filter>
    </ClCompile>
    <ClCompile Include="SceneManager.cpp">
      <Filter>Engin files</Filter>
    </ClCompile>
    <ClCompile Include="Texture2D.cpp">
      <Filter>Engin files</Filter>
    </ClCompile>
    <ClCompile Include="InputComponent.cpp">
      <Filter>Engin files\Components</Filter>
    </ClCompile>
    <ClCompile Include="BaseComponent.cpp">
      <Filter>Engin files\Components</Filter>
    </ClCompile>
    <ClCompile Include="GraphicsComponent.cpp">
      <Filter>Engin files\Components</Filter>
    </ClCompile>
    <ClCompile Include="TransformComponent.cpp">
      <Filter>Engin files\Components</Filter>
    </ClCompile>
    <ClCompile Include="TextComponent.cpp">
      <Filter>Engin files\Components</Filter>
    </ClCompile>
    <ClCompile Include="PhysicsComponent.cpp">
      <Filter>Engin files\Components</Filter>
    </ClCompile>
    <ClCompile Include="TextureComponent.cpp">
      <Filter>Engin files\Components</Filter>
    </ClCompile>
    <ClCompile Include="RenderComponent.cpp">
      <Filter>Engin files\Components</Filter>
    </ClCompile>
    <ClCompile Include="Timer.cpp">
      <Filter>Engin files</Filter>
    </ClCompile>
    <ClCompile Include="FPSComponent.cpp">
      <Filter>Engin files\Components</Filter>
    </ClCompile>
    <ClCompile Include="RotatorComponent.cpp">
      <Filter>Engin files\Components</Filter>
    </ClCompile>
    <ClCompile Include="..\3rdParty\imgui-1.89.4\imgui.cpp">
      <Filter>Engin files\Imgui</Filter>
    </ClCompile>
    <ClCompile Include="..\3rdParty\imgui-1.89.4\imgui_demo.cpp">
      <Filter>Engin files\Imgui</Filter>
    </ClCompile>
    <ClCompile Include="..\3rdParty\imgui-1.89.4\imgui_draw.cpp">
      <Filter>Engin files\Imgui</Filter>
    </ClCompile>
    <ClCompile Include="..\3rdParty\imgui-1.89.4\imgui_tables.cpp">
      <Filter>Engin files\Imgui</Filter>
    </ClCompile>
    <ClCompile Include="..\3rdParty\imgui-1.89.4\imgui_widgets.cpp">
      <Filter>Engin files\Imgui</Filter>
    </ClCompile>
    <ClCompile Include="..\3rdParty\imgui-1.89.4\backends\imgui_impl_opengl2.cpp">
      <Filter>Engin files\Imgui</Filter>
    </ClCompile>
    <ClCompile Include="..\3rdParty\imgui-1.89.4\backends\imgui_impl_sdl2.cpp">
      <Filter>Engin files\Imgui</Filter>
    </ClCompile>
    <ClCompile Include="..\3rdParty\imgui-1.89.4\imgui_plot.cpp">
      <Filter>Engin files\Imgui</Filter>
    </ClCompile>
    <ClCompile Include="TrashTheCache.cpp">
      <Filter>Exercices\TrashingTheCache</Filter>
    </ClCompile>
    <ClCompile Include="TrashCacheComponent.cpp">
      <Filter>Engin files\Components</Filter>
    </ClCompile>
  </ItemGroup>
</Project>